PODS:
  - FeedKit (9.1.2)
  - Resolver (1.5.0)

DEPENDENCIES:
  - FeedKit (~> 9.0)
  - Resolver

SPEC REPOS:
  trunk:
    - FeedKit
    - Resolver

SPEC CHECKSUMS:
  FeedKit: 71653273ab08e618cd6fd1301ca08fc02dca6a9e
  Resolver: 68984624572763018fd8ec7b8e3e8df0e3b6bba5

PODFILE CHECKSUM: 4f6dfe6bdbdcc924abd3caef40970fa88d81c55d

COCOAPODS: 1.16.2
